
Microsoft Visual Studio Solution File, Format Version 12.00
# Visual Studio Version 17
VisualStudioVersion = 17.5.33516.290
MinimumVisualStudioVersion = 10.0.40219.1
Project("{FAE04EC0-301F-11D3-BF4B-00C04F79EFBC}") = "Web_T-shirts", "WebApplication1\Web_T-shirts.csproj", "{42E584E7-31ED-48E5-B18E-E4780FB231D5}"
EndProject
Global
	GlobalSection(SolutionConfigurationPlatforms) = preSolution
		Debug|Any CPU = Debug|Any CPU
		Release|Any CPU = Release|Any CPU
	EndGlobalSection
	GlobalSection(ProjectConfigurationPlatforms) = postSolution
		{42E584E7-31ED-48E5-B18E-E4780FB231D5}.Debug|Any CPU.ActiveCfg = Debug|Any CPU
		{42E584E7-31ED-48E5-B18E-E4780FB231D5}.Debug|Any CPU.Build.0 = Debug|Any CPU
		{42E584E7-31ED-48E5-B18E-E4780FB231D5}.Release|Any CPU.ActiveCfg = Release|Any CPU
		{42E584E7-31ED-48E5-B18E-E4780FB231D5}.Release|Any CPU.Build.0 = Release|Any CPU
	EndGlobalSection
	GlobalSection(SolutionProperties) = preSolution
		HideSolutionNode = FALSE
	EndGlobalSection
	GlobalSection(ExtensibilityGlobals) = postSolution
		SolutionGuid = {67DCB5A4-3B23-44D9-A36F-8B89FB8F709F}
	EndGlobalSection
EndGlobal
